
Microsoft Visual Studio Solution File, Format Version 12.00
# Visual Studio 15
Project("{FAE04EC0-301F-11D3-BF4B-00C04F79EFBC}") = "Assembly-CSharp", "Assembly-CSharp.csproj", "{E1CD9CC3-7ACE-1AB2-D497-02D447F00042}"
EndProject
Project("{FAE04EC0-301F-11D3-BF4B-00C04F79EFBC}") = "Assembly-CSharp-Editor", "Assembly-CSharp-Editor.csproj", "{7AE9450A-6E95-4E9F-FD10-C8D905741546}"
EndProject
Global
	GlobalSection(SolutionConfigurationPlatforms) = preSolution
		Debug|Any CPU = Debug|Any CPU
		Release|Any CPU = Release|Any CPU
	EndGlobalSection
	GlobalSection(ProjectConfigurationPlatforms) = postSolution
		{E1CD9CC3-7ACE-1AB2-D497-02D447F00042}.Debug|Any CPU.ActiveCfg = Debug|Any CPU
		{E1CD9CC3-7ACE-1AB2-D497-02D447F00042}.Debug|Any CPU.Build.0 = Debug|Any CPU
		{E1CD9CC3-7ACE-1AB2-D497-02D447F00042}.Release|Any CPU.ActiveCfg = Release|Any CPU
		{E1CD9CC3-7ACE-1AB2-D497-02D447F00042}.Release|Any CPU.Build.0 = Release|Any CPU
		{7AE9450A-6E95-4E9F-FD10-C8D905741546}.Debug|Any CPU.ActiveCfg = Debug|Any CPU
		{7AE9450A-6E95-4E9F-FD10-C8D905741546}.Debug|Any CPU.Build.0 = Debug|Any CPU
		{7AE9450A-6E95-4E9F-FD10-C8D905741546}.Release|Any CPU.ActiveCfg = Release|Any CPU
		{7AE9450A-6E95-4E9F-FD10-C8D905741546}.Release|Any CPU.Build.0 = Release|Any CPU
	EndGlobalSection
	GlobalSection(SolutionProperties) = preSolution
		HideSolutionNode = FALSE
	EndGlobalSection
EndGlobal
